
Microsoft Visual Studio Solution File, Format Version 12.00
# Visual Studio Version 17
VisualStudioVersion = 17.2.32516.85
MinimumVisualStudioVersion = 10.0.40219.1
Project("{FAE04EC0-301F-11D3-BF4B-00C04F79EFBC}") = "koenderink experiment", "koenderink experiment\koenderink experiment.csproj", "{C0167ADD-53B7-41C9-AC86-18129A432A22}"
EndProject
Global
	GlobalSection(SolutionConfigurationPlatforms) = preSolution
		Debug|Any CPU = Debug|Any CPU
		Release|Any CPU = Release|Any CPU
	EndGlobalSection
	GlobalSection(ProjectConfigurationPlatforms) = postSolution
		{C0167ADD-53B7-41C9-AC86-18129A432A22}.Debug|Any CPU.ActiveCfg = Debug|Any CPU
		{C0167ADD-53B7-41C9-AC86-18129A432A22}.Debug|Any CPU.Build.0 = Debug|Any CPU
		{C0167ADD-53B7-41C9-AC86-18129A432A22}.Release|Any CPU.ActiveCfg = Release|Any CPU
		{C0167ADD-53B7-41C9-AC86-18129A432A22}.Release|Any CPU.Build.0 = Release|Any CPU
	EndGlobalSection
	GlobalSection(SolutionProperties) = preSolution
		HideSolutionNode = FALSE
	EndGlobalSection
	GlobalSection(ExtensibilityGlobals) = postSolution
		SolutionGuid = {A86140B4-52D2-46E6-A9B2-BF2D6E420600}
	EndGlobalSection
EndGlobal
